
Microsoft Visual Studio Solution File, Format Version 12.00
# Visual Studio Version 17
VisualStudioVersion = 17.11.35219.272
MinimumVisualStudioVersion = 10.0.40219.1
Project("{2150E333-8FDC-42A3-9474-1A3956D46DE8}") = "Src", "Src", "{D47D3A6B-404B-4F02-BC93-73DBDFBC7683}"
EndProject
Project("{2150E333-8FDC-42A3-9474-1A3956D46DE8}") = "Src-package", "Src-package", "{4B0C912D-D500-457E-A5D1-914F6CF55A12}"
EndProject
Project("{2150E333-8FDC-42A3-9474-1A3956D46DE8}") = "Package", "Package", "{CD0470E4-D61C-4A90-A0AD-28A1FB4C4617}"
EndProject
Project("{2150E333-8FDC-42A3-9474-1A3956D46DE8}") = "Test", "Test", "{25AA3CB3-40AF-4FB5-ABDF-6903912363E0}"
EndProject
Project("{2150E333-8FDC-42A3-9474-1A3956D46DE8}") = "1-Domain", "1-Domain", "{6CDF98B3-2972-4E54-9539-C4507ABB7BCC}"
EndProject
Project("{2150E333-8FDC-42A3-9474-1A3956D46DE8}") = "2-Infrastructure", "2-Infrastructure", "{B1512B37-CFC6-481D-99C0-0286388C9DF4}"
EndProject
Project("{2150E333-8FDC-42A3-9474-1A3956D46DE8}") = "3-Endpiont", "3-Endpiont", "{B162B07B-1DBC-438A-BB1C-881DEB6C458D}"
EndProject
Project("{2150E333-8FDC-42A3-9474-1A3956D46DE8}") = "01-Core", "01-Core", "{1CF146A2-4783-4FBB-B8ED-7785A075D220}"
EndProject
Project("{2150E333-8FDC-42A3-9474-1A3956D46DE8}") = "03-Service", "03-Service", "{105B6256-E5CF-4C29-B64E-4686054636E4}"
EndProject
Project("{2150E333-8FDC-42A3-9474-1A3956D46DE8}") = "02-AppService", "02-AppService", "{AA51D2B1-10A8-47C3-BC88-2DF6BA54DFDB}"
EndProject
Project("{9A19103F-16F7-4668-BE54-9A1E7A4F7556}") = "Src.Domain.Core", "Src.Domain.Core\Src.Domain.Core.csproj", "{06A74725-16BC-464E-B14C-78D8F83FF783}"
EndProject
Project("{9A19103F-16F7-4668-BE54-9A1E7A4F7556}") = "App.Domain.AppService", "App.Domain.AppService\App.Domain.AppService.csproj", "{6934C1B7-2583-4675-8B8B-7171897ED42B}"
EndProject
Project("{9A19103F-16F7-4668-BE54-9A1E7A4F7556}") = "App.Domain.Service", "App.Domain.Service\App.Domain.Service.csproj", "{B107E383-8888-4320-92F1-1437CC2583FF}"
EndProject
Project("{2150E333-8FDC-42A3-9474-1A3956D46DE8}") = "01-DataAccess", "01-DataAccess", "{4BB2F894-68A9-452F-9288-505C623D21B0}"
EndProject
Project("{2150E333-8FDC-42A3-9474-1A3956D46DE8}") = "02-DataBase", "02-DataBase", "{D4DD73F6-3667-4628-8ACE-B23A90786781}"
EndProject
Project("{2150E333-8FDC-42A3-9474-1A3956D46DE8}") = "03-Providers", "03-Providers", "{59F8FBCB-A7E9-428D-8E0C-528BA7A4DD83}"
EndProject
Project("{9A19103F-16F7-4668-BE54-9A1E7A4F7556}") = "App.Infra.DataAccess.Repos.Ef", "App.Infra.DataAccess.Repos.Ef\App.Infra.DataAccess.Repos.Ef.csproj", "{90B7E3AF-FEA8-4990-BBFD-D6F4054D5E8F}"
EndProject
Project("{9A19103F-16F7-4668-BE54-9A1E7A4F7556}") = "App.Infra.DataBase.SqlServer.Ef", "App.Infra.DataBase.SqlServer.Ef\App.Infra.DataBase.SqlServer.Ef.csproj", "{5944ADFB-37E9-46DF-A30E-9176EE03928D}"
EndProject
Project("{9A19103F-16F7-4668-BE54-9A1E7A4F7556}") = "App.EndPoints.Console.Bnak", "App.EndPoints.Console.Bnak\App.EndPoints.Console.Bnak.csproj", "{3E9B92E9-0E7C-4599-BA47-419436A523E8}"
EndProject
Project("{9A19103F-16F7-4668-BE54-9A1E7A4F7556}") = "NugetPackages", "NugetPackages\NugetPackages.csproj", "{8BFFCE31-E1B0-4063-B29D-66779702C9D2}"
EndProject
Project("{FAE04EC0-301F-11D3-BF4B-00C04F79EFBC}") = "App.Endpoints.MVC.Bank", "App.Endpoints.MVC.Bank\App.Endpoints.MVC.Bank.csproj", "{99610388-0D0C-4659-9B57-5389D2104224}"
EndProject
Global
	GlobalSection(SolutionConfigurationPlatforms) = preSolution
		Debug|Any CPU = Debug|Any CPU
		Release|Any CPU = Release|Any CPU
	EndGlobalSection
	GlobalSection(ProjectConfigurationPlatforms) = postSolution
		{06A74725-16BC-464E-B14C-78D8F83FF783}.Debug|Any CPU.ActiveCfg = Debug|Any CPU
		{06A74725-16BC-464E-B14C-78D8F83FF783}.Debug|Any CPU.Build.0 = Debug|Any CPU
		{06A74725-16BC-464E-B14C-78D8F83FF783}.Release|Any CPU.ActiveCfg = Release|Any CPU
		{06A74725-16BC-464E-B14C-78D8F83FF783}.Release|Any CPU.Build.0 = Release|Any CPU
		{6934C1B7-2583-4675-8B8B-7171897ED42B}.Debug|Any CPU.ActiveCfg = Debug|Any CPU
		{6934C1B7-2583-4675-8B8B-7171897ED42B}.Debug|Any CPU.Build.0 = Debug|Any CPU
		{6934C1B7-2583-4675-8B8B-7171897ED42B}.Release|Any CPU.ActiveCfg = Release|Any CPU
		{6934C1B7-2583-4675-8B8B-7171897ED42B}.Release|Any CPU.Build.0 = Release|Any CPU
		{B107E383-8888-4320-92F1-1437CC2583FF}.Debug|Any CPU.ActiveCfg = Debug|Any CPU
		{B107E383-8888-4320-92F1-1437CC2583FF}.Debug|Any CPU.Build.0 = Debug|Any CPU
		{B107E383-8888-4320-92F1-1437CC2583FF}.Release|Any CPU.ActiveCfg = Release|Any CPU
		{B107E383-8888-4320-92F1-1437CC2583FF}.Release|Any CPU.Build.0 = Release|Any CPU
		{90B7E3AF-FEA8-4990-BBFD-D6F4054D5E8F}.Debug|Any CPU.ActiveCfg = Debug|Any CPU
		{90B7E3AF-FEA8-4990-BBFD-D6F4054D5E8F}.Debug|Any CPU.Build.0 = Debug|Any CPU
		{90B7E3AF-FEA8-4990-BBFD-D6F4054D5E8F}.Release|Any CPU.ActiveCfg = Release|Any CPU
		{90B7E3AF-FEA8-4990-BBFD-D6F4054D5E8F}.Release|Any CPU.Build.0 = Release|Any CPU
		{5944ADFB-37E9-46DF-A30E-9176EE03928D}.Debug|Any CPU.ActiveCfg = Debug|Any CPU
		{5944ADFB-37E9-46DF-A30E-9176EE03928D}.Debug|Any CPU.Build.0 = Debug|Any CPU
		{5944ADFB-37E9-46DF-A30E-9176EE03928D}.Release|Any CPU.ActiveCfg = Release|Any CPU
		{5944ADFB-37E9-46DF-A30E-9176EE03928D}.Release|Any CPU.Build.0 = Release|Any CPU
		{3E9B92E9-0E7C-4599-BA47-419436A523E8}.Debug|Any CPU.ActiveCfg = Debug|Any CPU
		{3E9B92E9-0E7C-4599-BA47-419436A523E8}.Debug|Any CPU.Build.0 = Debug|Any CPU
		{3E9B92E9-0E7C-4599-BA47-419436A523E8}.Release|Any CPU.ActiveCfg = Release|Any CPU
		{3E9B92E9-0E7C-4599-BA47-419436A523E8}.Release|Any CPU.Build.0 = Release|Any CPU
		{8BFFCE31-E1B0-4063-B29D-66779702C9D2}.Debug|Any CPU.ActiveCfg = Debug|Any CPU
		{8BFFCE31-E1B0-4063-B29D-66779702C9D2}.Debug|Any CPU.Build.0 = Debug|Any CPU
		{8BFFCE31-E1B0-4063-B29D-66779702C9D2}.Release|Any CPU.ActiveCfg = Release|Any CPU
		{8BFFCE31-E1B0-4063-B29D-66779702C9D2}.Release|Any CPU.Build.0 = Release|Any CPU
		{99610388-0D0C-4659-9B57-5389D2104224}.Debug|Any CPU.ActiveCfg = Debug|Any CPU
		{99610388-0D0C-4659-9B57-5389D2104224}.Debug|Any CPU.Build.0 = Debug|Any CPU
		{99610388-0D0C-4659-9B57-5389D2104224}.Release|Any CPU.ActiveCfg = Release|Any CPU
		{99610388-0D0C-4659-9B57-5389D2104224}.Release|Any CPU.Build.0 = Release|Any CPU
	EndGlobalSection
	GlobalSection(SolutionProperties) = preSolution
		HideSolutionNode = FALSE
	EndGlobalSection
	GlobalSection(NestedProjects) = preSolution
		{6CDF98B3-2972-4E54-9539-C4507ABB7BCC} = {D47D3A6B-404B-4F02-BC93-73DBDFBC7683}
		{B1512B37-CFC6-481D-99C0-0286388C9DF4} = {D47D3A6B-404B-4F02-BC93-73DBDFBC7683}
		{B162B07B-1DBC-438A-BB1C-881DEB6C458D} = {D47D3A6B-404B-4F02-BC93-73DBDFBC7683}
		{1CF146A2-4783-4FBB-B8ED-7785A075D220} = {6CDF98B3-2972-4E54-9539-C4507ABB7BCC}
		{105B6256-E5CF-4C29-B64E-4686054636E4} = {6CDF98B3-2972-4E54-9539-C4507ABB7BCC}
		{AA51D2B1-10A8-47C3-BC88-2DF6BA54DFDB} = {6CDF98B3-2972-4E54-9539-C4507ABB7BCC}
		{06A74725-16BC-464E-B14C-78D8F83FF783} = {1CF146A2-4783-4FBB-B8ED-7785A075D220}
		{6934C1B7-2583-4675-8B8B-7171897ED42B} = {AA51D2B1-10A8-47C3-BC88-2DF6BA54DFDB}
		{B107E383-8888-4320-92F1-1437CC2583FF} = {105B6256-E5CF-4C29-B64E-4686054636E4}
		{4BB2F894-68A9-452F-9288-505C623D21B0} = {B1512B37-CFC6-481D-99C0-0286388C9DF4}
		{D4DD73F6-3667-4628-8ACE-B23A90786781} = {B1512B37-CFC6-481D-99C0-0286388C9DF4}
		{59F8FBCB-A7E9-428D-8E0C-528BA7A4DD83} = {B1512B37-CFC6-481D-99C0-0286388C9DF4}
		{90B7E3AF-FEA8-4990-BBFD-D6F4054D5E8F} = {4BB2F894-68A9-452F-9288-505C623D21B0}
		{5944ADFB-37E9-46DF-A30E-9176EE03928D} = {D4DD73F6-3667-4628-8ACE-B23A90786781}
		{3E9B92E9-0E7C-4599-BA47-419436A523E8} = {B162B07B-1DBC-438A-BB1C-881DEB6C458D}
		{8BFFCE31-E1B0-4063-B29D-66779702C9D2} = {4B0C912D-D500-457E-A5D1-914F6CF55A12}
		{99610388-0D0C-4659-9B57-5389D2104224} = {B162B07B-1DBC-438A-BB1C-881DEB6C458D}
	EndGlobalSection
	GlobalSection(ExtensibilityGlobals) = postSolution
		SolutionGuid = {3084DD1C-151E-4FB2-9670-4D0887640503}
	EndGlobalSection
EndGlobal
